// !$*UTF8*$!
{
	archiveVersion = 1;
	classes = {
	};
	objectVersion = 46;
	objects = {

/* Begin PBXBuildFile section */
		E90A1A0E1AC7AC61006FA94E /* ColorTemperature.swift in Sources */ = {isa = PBXBuildFile; fileRef = E90A1A0D1AC7AC61006FA94E /* ColorTemperature.swift */; };
		E90A1A111AC7B091006FA94E /* bridges.m in Sources */ = {isa = PBXBuildFile; fileRef = E90A1A101AC7B091006FA94E /* bridges.m */; };
		E9772FA01AAFF4CA0019B7F8 /* AppDelegate.swift in Sources */ = {isa = PBXBuildFile; fileRef = E9772F9F1AAFF4CA0019B7F8 /* AppDelegate.swift */; };
		E9772FA41AAFF4CA0019B7F8 /* Images.xcassets in Resources */ = {isa = PBXBuildFile; fileRef = E9772FA31AAFF4CA0019B7F8 /* Images.xcassets */; };
		E9772FA71AAFF4CA0019B7F8 /* Main.storyboard in Resources */ = {isa = PBXBuildFile; fileRef = E9772FA51AAFF4CA0019B7F8 /* Main.storyboard */; };
		E9772FBD1AAFF5130019B7F8 /* Sunset.swift in Sources */ = {isa = PBXBuildFile; fileRef = E9772FBC1AAFF5130019B7F8 /* Sunset.swift */; };
/* End PBXBuildFile section */

/* Begin PBXFileReference section */
		E90A1A0D1AC7AC61006FA94E /* ColorTemperature.swift */ = {isa = PBXFileReference; fileEncoding = 4; lastKnownFileType = sourcecode.swift; path = ColorTemperature.swift; sourceTree = "<group>"; };
		E90A1A0F1AC7B090006FA94E /* Sunset-Bridging-Header.h */ = {isa = PBXFileReference; lastKnownFileType = sourcecode.c.h; path = "Sunset-Bridging-Header.h"; sourceTree = "<group>"; };
		E90A1A101AC7B091006FA94E /* bridges.m */ = {isa = PBXFileReference; fileEncoding = 4; lastKnownFileType = sourcecode.c.objc; path = bridges.m; sourceTree = "<group>"; };
		E90A1A121AC7B0A8006FA94E /* bridges.h */ = {isa = PBXFileReference; lastKnownFileType = sourcecode.c.h; path = bridges.h; sourceTree = "<group>"; };
		E9772F9A1AAFF4CA0019B7F8 /* Sunset.app */ = {isa = PBXFileReference; explicitFileType = wrapper.application; includeInIndex = 0; path = Sunset.app; sourceTree = BUILT_PRODUCTS_DIR; };
		E9772F9E1AAFF4CA0019B7F8 /* Info.plist */ = {isa = PBXFileReference; lastKnownFileType = text.plist.xml; path = Info.plist; sourceTree = "<group>"; };
		E9772F9F1AAFF4CA0019B7F8 /* AppDelegate.swift */ = {isa = PBXFileReference; lastKnownFileType = sourcecode.swift; path = AppDelegate.swift; sourceTree = "<group>"; };
		E9772FA31AAFF4CA0019B7F8 /* Images.xcassets */ = {isa = PBXFileReference; lastKnownFileType = folder.assetcatalog; path = Images.xcassets; sourceTree = "<group>"; };
		E9772FA61AAFF4CA0019B7F8 /* Base */ = {isa = PBXFileReference; lastKnownFileType = file.storyboard; name = Base; path = Base.lproj/Main.storyboard; sourceTree = "<group>"; };
		E9772FBC1AAFF5130019B7F8 /* Sunset.swift */ = {isa = PBXFileReference; fileEncoding = 4; lastKnownFileType = sourcecode.swift; path = Sunset.swift; sourceTree = "<group>"; };
/* End PBXFileReference section */

/* Begin PBXFrameworksBuildPhase section */
		E9772F971AAFF4CA0019B7F8 /* Frameworks */ = {
			isa = PBXFrameworksBuildPhase;
			buildActionMask = 2147483647;
			files = (
			);
			runOnlyForDeploymentPostprocessing = 0;
		};
/* End PBXFrameworksBuildPhase section */

/* Begin PBXGroup section */
		E9772F911AAFF4CA0019B7F8 = {
			isa = PBXGroup;
			children = (
				E9772F9C1AAFF4CA0019B7F8 /* Sunset */,
				E9772F9B1AAFF4CA0019B7F8 /* Products */,
			);
			sourceTree = "<group>";
		};
		E9772F9B1AAFF4CA0019B7F8 /* Products */ = {
			isa = PBXGroup;
			children = (
				E9772F9A1AAFF4CA0019B7F8 /* Sunset.app */,
			);
			name = Products;
			sourceTree = "<group>";
		};
		E9772F9C1AAFF4CA0019B7F8 /* Sunset */ = {
			isa = PBXGroup;
			children = (
				E90A1A121AC7B0A8006FA94E /* bridges.h */,
				E90A1A101AC7B091006FA94E /* bridges.m */,
				E9772FBC1AAFF5130019B7F8 /* Sunset.swift */,
				E90A1A0D1AC7AC61006FA94E /* ColorTemperature.swift */,
				E9772F9F1AAFF4CA0019B7F8 /* AppDelegate.swift */,
				E9772FA31AAFF4CA0019B7F8 /* Images.xcassets */,
				E9772FA51AAFF4CA0019B7F8 /* Main.storyboard */,
				E9772F9D1AAFF4CA0019B7F8 /* Supporting Files */,
				E90A1A0F1AC7B090006FA94E /* Sunset-Bridging-Header.h */,
			);
			path = Sunset;
			sourceTree = "<group>";
		};
		E9772F9D1AAFF4CA0019B7F8 /* Supporting Files */ = {
			isa = PBXGroup;
			children = (
				E9772F9E1AAFF4CA0019B7F8 /* Info.plist */,
			);
			name = "Supporting Files";
			sourceTree = "<group>";
		};
/* End PBXGroup section */

/* Begin PBXNativeTarget section */
		E9772F991AAFF4CA0019B7F8 /* Sunset */ = {
			isa = PBXNativeTarget;
			buildConfigurationList = E9772FB61AAFF4CA0019B7F8 /* Build configuration list for PBXNativeTarget "Sunset" */;
			buildPhases = (
				E9772F961AAFF4CA0019B7F8 /* Sources */,
				E9772F971AAFF4CA0019B7F8 /* Frameworks */,
				E9772F981AAFF4CA0019B7F8 /* Resources */,
			);
			buildRules = (
			);
			dependencies = (
			);
			name = Sunset;
			productName = Sunset;
			productReference = E9772F9A1AAFF4CA0019B7F8 /* Sunset.app */;
			productType = "com.apple.product-type.application";
		};
/* End PBXNativeTarget section */

/* Begin PBXProject section */
		E9772F921AAFF4CA0019B7F8 /* Project object */ = {
			isa = PBXProject;
			attributes = {
				LastSwiftMigration = 0710;
				LastSwiftUpdateCheck = 0710;
				LastUpgradeCheck = 0830;
				ORGANIZATIONNAME = "Coordinated Hackers";
				TargetAttributes = {
					E9772F991AAFF4CA0019B7F8 = {
						CreatedOnToolsVersion = 6.3;
						LastSwiftMigration = 0830;
					};
				};
			};
			buildConfigurationList = E9772F951AAFF4CA0019B7F8 /* Build configuration list for PBXProject "Sunset" */;
			compatibilityVersion = "Xcode 3.2";
			developmentRegion = English;
			hasScannedForEncodings = 0;
			knownRegions = (
				en,
				Base,
			);
			mainGroup = E9772F911AAFF4CA0019B7F8;
			productRefGroup = E9772F9B1AAFF4CA0019B7F8 /* Products */;
			projectDirPath = "";
			projectRoot = "";
			targets = (
				E9772F991AAFF4CA0019B7F8 /* Sunset */,
			);
		};
/* End PBXProject section */

/* Begin PBXResourcesBuildPhase section */
		E9772F981AAFF4CA0019B7F8 /* Resources */ = {
			isa = PBXResourcesBuildPhase;
			buildActionMask = 2147483647;
			files = (
				E9772FA41AAFF4CA0019B7F8 /* Images.xcassets in Resources */,
				E9772FA71AAFF4CA0019B7F8 /* Main.storyboard in Resources */,
			);
			runOnlyForDeploymentPostprocessing = 0;
		};
/* End PBXResourcesBuildPhase section */

/* Begin PBXSourcesBuildPhase section */
		E9772F961AAFF4CA0019B7F8 /* Sources */ = {
			isa = PBXSourcesBuildPhase;
			buildActionMask = 2147483647;
			files = (
				E9772FA01AAFF4CA0019B7F8 /* AppDelegate.swift in Sources */,
				E90A1A111AC7B091006FA94E /* bridges.m in Sources */,
				E90A1A0E1AC7AC61006FA94E /* ColorTemperature.swift in Sources */,
				E9772FBD1AAFF5130019B7F8 /* Sunset.swift in Sources */,
			);
			runOnlyForDeploymentPostprocessing = 0;
		};
/* End PBXSourcesBuildPhase section */

/* Begin PBXVariantGroup section */
		E9772FA51AAFF4CA0019B7F8 /* Main.storyboard */ = {
			isa = PBXVariantGroup;
			children = (
				E9772FA61AAFF4CA0019B7F8 /* Base */,
			);
			name = Main.storyboard;
			sourceTree = "<group>";
		};
/* End PBXVariantGroup section */

/* Begin XCBuildConfiguration section */
		E9772FB41AAFF4CA0019B7F8 /* Debug */ = {
			isa = XCBuildConfiguration;
			buildSettings = {
				ALWAYS_SEARCH_USER_PATHS = NO;
				CLANG_CXX_LANGUAGE_STANDARD = "gnu++0x";
				CLANG_CXX_LIBRARY = "libc++";
				CLANG_ENABLE_MODULES = YES;
				CLANG_ENABLE_OBJC_ARC = YES;
				CLANG_WARN_BOOL_CONVERSION = YES;
				CLANG_WARN_CONSTANT_CONVERSION = YES;
				CLANG_WARN_DIRECT_OBJC_ISA_USAGE = YES_ERROR;
				CLANG_WARN_EMPTY_BODY = YES;
				CLANG_WARN_ENUM_CONVERSION = YES;
				CLANG_WARN_INFINITE_RECURSION = YES;
				CLANG_WARN_INT_CONVERSION = YES;
				CLANG_WARN_OBJC_ROOT_CLASS = YES_ERROR;
				CLANG_WARN_SUSPICIOUS_MOVE = YES;
				CLANG_WARN_UNREACHABLE_CODE = YES;
				CLANG_WARN__DUPLICATE_METHOD_MATCH = YES;
				CODE_SIGN_IDENTITY = "-";
				COPY_PHASE_STRIP = NO;
				DEBUG_INFORMATION_FORMAT = dwarf;
				ENABLE_STRICT_OBJC_MSGSEND = YES;
				ENABLE_TESTABILITY = YES;
				GCC_C_LANGUAGE_STANDARD = gnu99;
				GCC_DYNAMIC_NO_PIC = NO;
				GCC_NO_COMMON_BLOCKS = YES;
				GCC_OPTIMIZATION_LEVEL = 0;
				GCC_PREPROCESSOR_DEFINITIONS = (
					"DEBUG=1",
					"$(inherited)",
				);
				GCC_SYMBOLS_PRIVATE_EXTERN = NO;
				GCC_WARN_64_TO_32_BIT_CONVERSION = YES;
				GCC_WARN_ABOUT_RETURN_TYPE = YES_ERROR;
				GCC_WARN_UNDECLARED_SELECTOR = YES;
				GCC_WARN_UNINITIALIZED_AUTOS = YES_AGGRESSIVE;
				GCC_WARN_UNUSED_FUNCTION = YES;
				GCC_WARN_UNUSED_VARIABLE = YES;
				MACOSX_DEPLOYMENT_TARGET = 10.10;
				MTL_ENABLE_DEBUG_INFO = YES;
				ONLY_ACTIVE_ARCH = YES;
				SDKROOT = macosx;
				SWIFT_OPTIMIZATION_LEVEL = "-Onone";
			};
			name = Debug;
		};
		E9772FB51AAFF4CA0019B7F8 /* Release */ = {
			isa = XCBuildConfiguration;
			buildSettings = {
				ALWAYS_SEARCH_USER_PATHS = NO;
				CLANG_CXX_LANGUAGE_STANDARD = "gnu++0x";
				CLANG_CXX_LIBRARY = "libc++";
				CLANG_ENABLE_MODULES = YES;
				CLANG_ENABLE_OBJC_ARC = YES;
				CLANG_WARN_BOOL_CONVERSION = YES;
				CLANG_WARN_CONSTANT_CONVERSION = YES;
				CLANG_WARN_DIRECT_OBJC_ISA_USAGE = YES_ERROR;
				CLANG_WARN_EMPTY_BODY = YES;
				CLANG_WARN_ENUM_CONVERSION = YES;
				CLANG_WARN_INFINITE_RECURSION = YES;
				CLANG_WARN_INT_CONVERSION = YES;
				CLANG_WARN_OBJC_ROOT_CLASS = YES_ERROR;
				CLANG_WARN_SUSPICIOUS_MOVE = YES;
				CLANG_WARN_UNREACHABLE_CODE = YES;
				CLANG_WARN__DUPLICATE_METHOD_MATCH = YES;
				CODE_SIGN_IDENTITY = "-";
				COPY_PHASE_STRIP = NO;
				DEBUG_INFORMATION_FORMAT = "dwarf-with-dsym";
				ENABLE_NS_ASSERTIONS = NO;
				ENABLE_STRICT_OBJC_MSGSEND = YES;
				GCC_C_LANGUAGE_STANDARD = gnu99;
				GCC_NO_COMMON_BLOCKS = YES;
				GCC_WARN_64_TO_32_BIT_CONVERSION = YES;
				GCC_WARN_ABOUT_RETURN_TYPE = YES_ERROR;
				GCC_WARN_UNDECLARED_SELECTOR = YES;
				GCC_WARN_UNINITIALIZED_AUTOS = YES_AGGRESSIVE;
				GCC_WARN_UNUSED_FUNCTION = YES;
				GCC_WARN_UNUSED_VARIABLE = YES;
				MACOSX_DEPLOYMENT_TARGET = 10.10;
				MTL_ENABLE_DEBUG_INFO = NO;
				SDKROOT = macosx;
				SWIFT_OPTIMIZATION_LEVEL = "-Owholemodule";
			};
			name = Release;
		};
		E9772FB71AAFF4CA0019B7F8 /* Debug */ = {
			isa = XCBuildConfiguration;
			buildSettings = {
				ASSETCATALOG_COMPILER_APPICON_NAME = AppIcon;
				CLANG_ENABLE_MODULES = YES;
				COMBINE_HIDPI_IMAGES = YES;
				INFOPLIST_FILE = Sunset/Info.plist;
				LD_RUNPATH_SEARCH_PATHS = "$(inherited) @executable_path/../Frameworks";
				PRODUCT_BUNDLE_IDENTIFIER = "com.coordinatedhackers.$(PRODUCT_NAME:rfc1034identifier)";
				PRODUCT_NAME = "$(TARGET_NAME)";
				SWIFT_OBJC_BRIDGING_HEADER = "Sunset/Sunset-Bridging-Header.h";
				SWIFT_OPTIMIZATION_LEVEL = "-Onone";
				SWIFT_VERSION = 3.0;
			};
			name = Debug;
		};
		E9772FB81AAFF4CA0019B7F8 /* Release */ = {
			isa = XCBuildConfiguration;
			buildSettings = {
				ASSETCATALOG_COMPILER_APPICON_NAME = AppIcon;
				CLANG_ENABLE_MODULES = YES;
				COMBINE_HIDPI_IMAGES = YES;
				INFOPLIST_FILE = Sunset/Info.plist;
				LD_RUNPATH_SEARCH_PATHS = "$(inherited) @executable_path/../Frameworks";
				PRODUCT_BUNDLE_IDENTIFIER = "com.coordinatedhackers.$(PRODUCT_NAME:rfc1034identifier)";
				PRODUCT_NAME = "$(TARGET_NAME)";
				SWIFT_OBJC_BRIDGING_HEADER = "Sunset/Sunset-Bridging-Header.h";
				SWIFT_VERSION = 3.0;
			};
			name = Release;
		};
/* End XCBuildConfiguration section */

/* Begin XCConfigurationList section */
		E9772F951AAFF4CA0019B7F8 /* Build configuration list for PBXProject "Sunset" */ = {
			isa = XCConfigurationList;
			buildConfigurations = (
				E9772FB41AAFF4CA0019B7F8 /* Debug */,
				E9772FB51AAFF4CA0019B7F8 /* Release */,
			);
			defaultConfigurationIsVisible = 0;
			defaultConfigurationName = Release;
		};
		E9772FB61AAFF4CA0019B7F8 /* Build configuration list for PBXNativeTarget "Sunset" */ = {
			isa = XCConfigurationList;
			buildConfigurations = (
				E9772FB71AAFF4CA0019B7F8 /* Debug */,
				E9772FB81AAFF4CA0019B7F8 /* Release */,
			);
			defaultConfigurationIsVisible = 0;
			defaultConfigurationName = Release;
		};
/* End XCConfigurationList section */
	};
	rootObject = E9772F921AAFF4CA0019B7F8 /* Project object */;
}
