// !$*UTF8*$!
{
	archiveVersion = 1;
	classes = {
	};
	objectVersion = 46;
	objects = {

/* Begin PBXBuildFile section */
		13271974144BD1A7003A3F89 /* Foundation.framework in Frameworks */ = {isa = PBXBuildFile; fileRef = 13271973144BD1A7003A3F89 /* Foundation.framework */; };
		13271977144BD1A7003A3F89 /* main.m in Sources */ = {isa = PBXBuildFile; fileRef = 13271976144BD1A7003A3F89 /* main.m */; };
		1327197B144BD1A7003A3F89 /* Sunset.1 in CopyFiles */ = {isa = PBXBuildFile; fileRef = 1327197A144BD1A7003A3F89 /* Sunset.1 */; };
/* End PBXBuildFile section */

/* Begin PBXCopyFilesBuildPhase section */
		1327196D144BD1A7003A3F89 /* CopyFiles */ = {
			isa = PBXCopyFilesBuildPhase;
			buildActionMask = 2147483647;
			dstPath = /usr/share/man/man1/;
			dstSubfolderSpec = 0;
			files = (
				1327197B144BD1A7003A3F89 /* Sunset.1 in CopyFiles */,
			);
			runOnlyForDeploymentPostprocessing = 1;
		};
/* End PBXCopyFilesBuildPhase section */

/* Begin PBXFileReference section */
		1327196F144BD1A7003A3F89 /* Sunset */ = {isa = PBXFileReference; explicitFileType = "compiled.mach-o.executable"; includeInIndex = 0; path = Sunset; sourceTree = BUILT_PRODUCTS_DIR; };
		13271973144BD1A7003A3F89 /* Foundation.framework */ = {isa = PBXFileReference; lastKnownFileType = wrapper.framework; name = Foundation.framework; path = System/Library/Frameworks/Foundation.framework; sourceTree = SDKROOT; };
		13271976144BD1A7003A3F89 /* main.m */ = {isa = PBXFileReference; lastKnownFileType = sourcecode.c.objc; path = main.m; sourceTree = "<group>"; };
		13271979144BD1A7003A3F89 /* Sunset-Prefix.pch */ = {isa = PBXFileReference; path = "Sunset-Prefix.pch"; sourceTree = "<group>"; };
		1327197A144BD1A7003A3F89 /* Sunset.1 */ = {isa = PBXFileReference; lastKnownFileType = text.man; path = Sunset.1; sourceTree = "<group>"; };
/* End PBXFileReference section */

/* Begin PBXFrameworksBuildPhase section */
		1327196C144BD1A7003A3F89 /* Frameworks */ = {
			isa = PBXFrameworksBuildPhase;
			buildActionMask = 2147483647;
			files = (
				13271974144BD1A7003A3F89 /* Foundation.framework in Frameworks */,
			);
			runOnlyForDeploymentPostprocessing = 0;
		};
/* End PBXFrameworksBuildPhase section */

/* Begin PBXGroup section */
		13271964144BD1A7003A3F89 = {
			isa = PBXGroup;
			children = (
				13271975144BD1A7003A3F89 /* Sunset */,
				13271972144BD1A7003A3F89 /* Frameworks */,
				13271970144BD1A7003A3F89 /* Products */,
			);
			sourceTree = "<group>";
		};
		13271970144BD1A7003A3F89 /* Products */ = {
			isa = PBXGroup;
			children = (
				1327196F144BD1A7003A3F89 /* Sunset */,
			);
			name = Products;
			sourceTree = "<group>";
		};
		13271972144BD1A7003A3F89 /* Frameworks */ = {
			isa = PBXGroup;
			children = (
				13271973144BD1A7003A3F89 /* Foundation.framework */,
			);
			name = Frameworks;
			sourceTree = "<group>";
		};
		13271975144BD1A7003A3F89 /* Sunset */ = {
			isa = PBXGroup;
			children = (
				13271976144BD1A7003A3F89 /* main.m */,
				1327197A144BD1A7003A3F89 /* Sunset.1 */,
				13271978144BD1A7003A3F89 /* Supporting Files */,
			);
			path = Sunset;
			sourceTree = "<group>";
		};
		13271978144BD1A7003A3F89 /* Supporting Files */ = {
			isa = PBXGroup;
			children = (
				13271979144BD1A7003A3F89 /* Sunset-Prefix.pch */,
			);
			name = "Supporting Files";
			sourceTree = "<group>";
		};
/* End PBXGroup section */

/* Begin PBXNativeTarget section */
		1327196E144BD1A7003A3F89 /* Sunset */ = {
			isa = PBXNativeTarget;
			buildConfigurationList = 1327197E144BD1A7003A3F89 /* Build configuration list for PBXNativeTarget "Sunset" */;
			buildPhases = (
				1327196B144BD1A7003A3F89 /* Sources */,
				1327196C144BD1A7003A3F89 /* Frameworks */,
				1327196D144BD1A7003A3F89 /* CopyFiles */,
			);
			buildRules = (
			);
			dependencies = (
			);
			name = Sunset;
			productName = Sunset;
			productReference = 1327196F144BD1A7003A3F89 /* Sunset */;
			productType = "com.apple.product-type.tool";
		};
/* End PBXNativeTarget section */

/* Begin PBXProject section */
		13271966144BD1A7003A3F89 /* Project object */ = {
			isa = PBXProject;
			attributes = {
				ORGANIZATIONNAME = "DeepTech, Inc.";
			};
			buildConfigurationList = 13271969144BD1A7003A3F89 /* Build configuration list for PBXProject "Sunset" */;
			compatibilityVersion = "Xcode 3.2";
			developmentRegion = English;
			hasScannedForEncodings = 0;
			knownRegions = (
				en,
			);
			mainGroup = 13271964144BD1A7003A3F89;
			productRefGroup = 13271970144BD1A7003A3F89 /* Products */;
			projectDirPath = "";
			projectRoot = "";
			targets = (
				1327196E144BD1A7003A3F89 /* Sunset */,
			);
		};
/* End PBXProject section */

/* Begin PBXSourcesBuildPhase section */
		1327196B144BD1A7003A3F89 /* Sources */ = {
			isa = PBXSourcesBuildPhase;
			buildActionMask = 2147483647;
			files = (
				13271977144BD1A7003A3F89 /* main.m in Sources */,
			);
			runOnlyForDeploymentPostprocessing = 0;
		};
/* End PBXSourcesBuildPhase section */

/* Begin XCBuildConfiguration section */
		1327197C144BD1A7003A3F89 /* Debug */ = {
			isa = XCBuildConfiguration;
			buildSettings = {
				ALWAYS_SEARCH_USER_PATHS = NO;
				ARCHS = "$(ARCHS_STANDARD_64_BIT)";
				COPY_PHASE_STRIP = NO;
				GCC_C_LANGUAGE_STANDARD = gnu99;
				GCC_DYNAMIC_NO_PIC = NO;
				GCC_ENABLE_OBJC_EXCEPTIONS = YES;
				GCC_OPTIMIZATION_LEVEL = 0;
				GCC_PREPROCESSOR_DEFINITIONS = (
					"DEBUG=1",
					"$(inherited)",
				);
				GCC_SYMBOLS_PRIVATE_EXTERN = NO;
				GCC_VERSION = com.apple.compilers.llvm.clang.1_0;
				GCC_WARN_64_TO_32_BIT_CONVERSION = YES;
				GCC_WARN_ABOUT_MISSING_PROTOTYPES = YES;
				GCC_WARN_ABOUT_RETURN_TYPE = YES;
				GCC_WARN_UNUSED_VARIABLE = YES;
				MACOSX_DEPLOYMENT_TARGET = 10.7;
				ONLY_ACTIVE_ARCH = YES;
				SDKROOT = macosx;
			};
			name = Debug;
		};
		1327197D144BD1A7003A3F89 /* Release */ = {
			isa = XCBuildConfiguration;
			buildSettings = {
				ALWAYS_SEARCH_USER_PATHS = NO;
				ARCHS = "$(ARCHS_STANDARD_64_BIT)";
				COPY_PHASE_STRIP = YES;
				DEBUG_INFORMATION_FORMAT = "dwarf-with-dsym";
				GCC_C_LANGUAGE_STANDARD = gnu99;
				GCC_ENABLE_OBJC_EXCEPTIONS = YES;
				GCC_VERSION = com.apple.compilers.llvm.clang.1_0;
				GCC_WARN_64_TO_32_BIT_CONVERSION = YES;
				GCC_WARN_ABOUT_MISSING_PROTOTYPES = YES;
				GCC_WARN_ABOUT_RETURN_TYPE = YES;
				GCC_WARN_UNUSED_VARIABLE = YES;
				MACOSX_DEPLOYMENT_TARGET = 10.7;
				SDKROOT = macosx;
			};
			name = Release;
		};
		1327197F144BD1A7003A3F89 /* Debug */ = {
			isa = XCBuildConfiguration;
			buildSettings = {
				GCC_PRECOMPILE_PREFIX_HEADER = YES;
				GCC_PREFIX_HEADER = "Sunset/Sunset-Prefix.pch";
				PRODUCT_NAME = "$(TARGET_NAME)";
			};
			name = Debug;
		};
		13271980144BD1A7003A3F89 /* Release */ = {
			isa = XCBuildConfiguration;
			buildSettings = {
				GCC_PRECOMPILE_PREFIX_HEADER = YES;
				GCC_PREFIX_HEADER = "Sunset/Sunset-Prefix.pch";
				PRODUCT_NAME = "$(TARGET_NAME)";
			};
			name = Release;
		};
/* End XCBuildConfiguration section */

/* Begin XCConfigurationList section */
		13271969144BD1A7003A3F89 /* Build configuration list for PBXProject "Sunset" */ = {
			isa = XCConfigurationList;
			buildConfigurations = (
				1327197C144BD1A7003A3F89 /* Debug */,
				1327197D144BD1A7003A3F89 /* Release */,
			);
			defaultConfigurationIsVisible = 0;
			defaultConfigurationName = Release;
		};
		1327197E144BD1A7003A3F89 /* Build configuration list for PBXNativeTarget "Sunset" */ = {
			isa = XCConfigurationList;
			buildConfigurations = (
				1327197F144BD1A7003A3F89 /* Debug */,
				13271980144BD1A7003A3F89 /* Release */,
			);
			defaultConfigurationIsVisible = 0;
		};
/* End XCConfigurationList section */
	};
	rootObject = 13271966144BD1A7003A3F89 /* Project object */;
}
